
Microsoft Visual Studio Solution File, Format Version 12.00
# Visual Studio 14
VisualStudioVersion = 14.0.24720.0
MinimumVisualStudioVersion = 10.0.40219.1
Project("{FAE04EC0-301F-11D3-BF4B-00C04F79EFBC}") = "Pinz.Client.Commons", "Pinz.Client.Commons\Pinz.Client.Commons.csproj", "{64BBC1DC-7F3B-4BBF-871D-FABFD6EA3721}"
EndProject
Project("{FAE04EC0-301F-11D3-BF4B-00C04F79EFBC}") = "Pinz.Client.Commons.UnitTest", "Pinz.Client.Commons.UnitTest\Pinz.Client.Commons.UnitTest.csproj", "{B693BC08-88FF-44AE-846A-F26B14F83ECA}"
EndProject
Project("{FAE04EC0-301F-11D3-BF4B-00C04F79EFBC}") = "Pinz.Client.RemoteServiceConsumer", "Pinz.Client.RemoteServiceConsumer\Pinz.Client.RemoteServiceConsumer.csproj", "{AC10ED84-4EFC-41F3-ACDD-709B51BEFBB3}"
EndProject
Project("{FAE04EC0-301F-11D3-BF4B-00C04F79EFBC}") = "Pinz.Client.RemoteServiceConsumer.IntegrationTest", "Pinz.Client.RemoteServiceConsumer.IntegrationTest\Pinz.Client.RemoteServiceConsumer.IntegrationTest.csproj", "{FF2DED53-E8F4-4E9F-BA8B-BD3ACD7D1C15}"
EndProject
Project("{2150E333-8FDC-42A3-9474-1A3956D46DE8}") = "Service", "Service", "{D39096AA-4DCD-47B1-98F4-98F4110003BE}"
EndProject
Project("{2150E333-8FDC-42A3-9474-1A3956D46DE8}") = "Common", "Common", "{1F988C8D-5860-425D-AEF6-32343AA8E9EA}"
EndProject
Project("{FAE04EC0-301F-11D3-BF4B-00C04F79EFBC}") = "Pinz.Client.Base", "Pinz.Client.Base\Pinz.Client.Base.csproj", "{A5AB85F3-32E7-4AA7-9540-4BDFFEE5201F}"
EndProject
Global
	GlobalSection(SolutionConfigurationPlatforms) = preSolution
		Debug|Any CPU = Debug|Any CPU
		Release|Any CPU = Release|Any CPU
	EndGlobalSection
	GlobalSection(ProjectConfigurationPlatforms) = postSolution
		{64BBC1DC-7F3B-4BBF-871D-FABFD6EA3721}.Debug|Any CPU.ActiveCfg = Debug|Any CPU
		{64BBC1DC-7F3B-4BBF-871D-FABFD6EA3721}.Debug|Any CPU.Build.0 = Debug|Any CPU
		{64BBC1DC-7F3B-4BBF-871D-FABFD6EA3721}.Release|Any CPU.ActiveCfg = Release|Any CPU
		{64BBC1DC-7F3B-4BBF-871D-FABFD6EA3721}.Release|Any CPU.Build.0 = Release|Any CPU
		{B693BC08-88FF-44AE-846A-F26B14F83ECA}.Debug|Any CPU.ActiveCfg = Debug|Any CPU
		{B693BC08-88FF-44AE-846A-F26B14F83ECA}.Debug|Any CPU.Build.0 = Debug|Any CPU
		{B693BC08-88FF-44AE-846A-F26B14F83ECA}.Release|Any CPU.ActiveCfg = Release|Any CPU
		{B693BC08-88FF-44AE-846A-F26B14F83ECA}.Release|Any CPU.Build.0 = Release|Any CPU
		{AC10ED84-4EFC-41F3-ACDD-709B51BEFBB3}.Debug|Any CPU.ActiveCfg = Debug|Any CPU
		{AC10ED84-4EFC-41F3-ACDD-709B51BEFBB3}.Debug|Any CPU.Build.0 = Debug|Any CPU
		{AC10ED84-4EFC-41F3-ACDD-709B51BEFBB3}.Release|Any CPU.ActiveCfg = Release|Any CPU
		{AC10ED84-4EFC-41F3-ACDD-709B51BEFBB3}.Release|Any CPU.Build.0 = Release|Any CPU
		{FF2DED53-E8F4-4E9F-BA8B-BD3ACD7D1C15}.Debug|Any CPU.ActiveCfg = Debug|Any CPU
		{FF2DED53-E8F4-4E9F-BA8B-BD3ACD7D1C15}.Debug|Any CPU.Build.0 = Debug|Any CPU
		{FF2DED53-E8F4-4E9F-BA8B-BD3ACD7D1C15}.Release|Any CPU.ActiveCfg = Release|Any CPU
		{FF2DED53-E8F4-4E9F-BA8B-BD3ACD7D1C15}.Release|Any CPU.Build.0 = Release|Any CPU
		{A5AB85F3-32E7-4AA7-9540-4BDFFEE5201F}.Debug|Any CPU.ActiveCfg = Debug|Any CPU
		{A5AB85F3-32E7-4AA7-9540-4BDFFEE5201F}.Debug|Any CPU.Build.0 = Debug|Any CPU
		{A5AB85F3-32E7-4AA7-9540-4BDFFEE5201F}.Release|Any CPU.ActiveCfg = Release|Any CPU
		{A5AB85F3-32E7-4AA7-9540-4BDFFEE5201F}.Release|Any CPU.Build.0 = Release|Any CPU
	EndGlobalSection
	GlobalSection(SolutionProperties) = preSolution
		HideSolutionNode = FALSE
	EndGlobalSection
	GlobalSection(NestedProjects) = preSolution
		{64BBC1DC-7F3B-4BBF-871D-FABFD6EA3721} = {1F988C8D-5860-425D-AEF6-32343AA8E9EA}
		{B693BC08-88FF-44AE-846A-F26B14F83ECA} = {1F988C8D-5860-425D-AEF6-32343AA8E9EA}
		{AC10ED84-4EFC-41F3-ACDD-709B51BEFBB3} = {D39096AA-4DCD-47B1-98F4-98F4110003BE}
		{FF2DED53-E8F4-4E9F-BA8B-BD3ACD7D1C15} = {D39096AA-4DCD-47B1-98F4-98F4110003BE}
	EndGlobalSection
EndGlobal
